
Microsoft Visual Studio Solution File, Format Version 12.00
# Visual Studio Version 17
VisualStudioVersion = 17.3.32922.545
MinimumVisualStudioVersion = 10.0.40219.1
Project("{FAE04EC0-301F-11D3-BF4B-00C04F79EFBC}") = "ADW08-TAKE HOME", "ADW08-TAKE HOME\ADW08-TAKE HOME.csproj", "{5DD22E34-55F1-4FE4-B768-A1A234707375}"
EndProject
Global
	GlobalSection(SolutionConfigurationPlatforms) = preSolution
		Debug|Any CPU = Debug|Any CPU
		Release|Any CPU = Release|Any CPU
	EndGlobalSection
	GlobalSection(ProjectConfigurationPlatforms) = postSolution
		{5DD22E34-55F1-4FE4-B768-A1A234707375}.Debug|Any CPU.ActiveCfg = Debug|Any CPU
		{5DD22E34-55F1-4FE4-B768-A1A234707375}.Debug|Any CPU.Build.0 = Debug|Any CPU
		{5DD22E34-55F1-4FE4-B768-A1A234707375}.Release|Any CPU.ActiveCfg = Release|Any CPU
		{5DD22E34-55F1-4FE4-B768-A1A234707375}.Release|Any CPU.Build.0 = Release|Any CPU
	EndGlobalSection
	GlobalSection(SolutionProperties) = preSolution
		HideSolutionNode = FALSE
	EndGlobalSection
	GlobalSection(ExtensibilityGlobals) = postSolution
		SolutionGuid = {F4AAA78B-F54D-4DFA-AFA9-D462AB168B40}
	EndGlobalSection
EndGlobal
